
Microsoft Visual Studio Solution File, Format Version 12.00
# Visual Studio Version 16
VisualStudioVersion = 16.0.31321.278
MinimumVisualStudioVersion = 10.0.40219.1
Project("{FAE04EC0-301F-11D3-BF4B-00C04F79EFBC}") = "SqlinkTest", "SqlinkTest.csproj", "{DD976FB6-9976-49B3-B49A-CB8A4B2E27CB}"
EndProject
Global
	GlobalSection(SolutionConfigurationPlatforms) = preSolution
		Debug|Any CPU = Debug|Any CPU
		Release|Any CPU = Release|Any CPU
	EndGlobalSection
	GlobalSection(ProjectConfigurationPlatforms) = postSolution
		{DD976FB6-9976-49B3-B49A-CB8A4B2E27CB}.Debug|Any CPU.ActiveCfg = Debug|Any CPU
		{DD976FB6-9976-49B3-B49A-CB8A4B2E27CB}.Debug|Any CPU.Build.0 = Debug|Any CPU
		{DD976FB6-9976-49B3-B49A-CB8A4B2E27CB}.Release|Any CPU.ActiveCfg = Release|Any CPU
		{DD976FB6-9976-49B3-B49A-CB8A4B2E27CB}.Release|Any CPU.Build.0 = Release|Any CPU
	EndGlobalSection
	GlobalSection(SolutionProperties) = preSolution
		HideSolutionNode = FALSE
	EndGlobalSection
	GlobalSection(ExtensibilityGlobals) = postSolution
		SolutionGuid = {42E750B6-2A82-4EE9-BBCD-DE049D58E289}
	EndGlobalSection
EndGlobal
